// !$*UTF8*$!
{
	archiveVersion = 1;
	classes = {
	};
	objectVersion = 50;
	objects = {

/* Begin PBXBuildFile section */
		AC15AD8524365E0F00FBF06F /* HypeTableViewCell.swift in Sources */ = {isa = PBXBuildFile; fileRef = AC15AD8424365E0F00FBF06F /* HypeTableViewCell.swift */; };
		AC15AD872436808500FBF06F /* CreatePostViewController.swift in Sources */ = {isa = PBXBuildFile; fileRef = AC15AD862436808500FBF06F /* CreatePostViewController.swift */; };
		AC15AD89243682AD00FBF06F /* PhotoPickerViewController.swift in Sources */ = {isa = PBXBuildFile; fileRef = AC15AD88243682AD00FBF06F /* PhotoPickerViewController.swift */; };
		AC15AD8C2436902300FBF06F /* PhotoPicker.storyboard in Resources */ = {isa = PBXBuildFile; fileRef = AC15AD8A2436902300FBF06F /* PhotoPicker.storyboard */; };
		AC18BE9F24326CCE009D0E6A /* HypesViewController.swift in Sources */ = {isa = PBXBuildFile; fileRef = AC18BE9E24326CCE009D0E6A /* HypesViewController.swift */; };
		AC18BEA124327031009D0E6A /* DateExtension.swift in Sources */ = {isa = PBXBuildFile; fileRef = AC18BEA024327031009D0E6A /* DateExtension.swift */; };
		AC31B89E2435184300AFF50A /* HypeList.storyboard in Resources */ = {isa = PBXBuildFile; fileRef = AC31B89C2435184300AFF50A /* HypeList.storyboard */; };
		AC31B8A02435194700AFF50A /* SignUpViewController.swift in Sources */ = {isa = PBXBuildFile; fileRef = AC31B89F2435194700AFF50A /* SignUpViewController.swift */; };
		AC570BC62433AD0E00F8120A /* HypeError.swift in Sources */ = {isa = PBXBuildFile; fileRef = AC570BC52433AD0E00F8120A /* HypeError.swift */; };
		AC570BE62434F4CC00F8120A /* User.swift in Sources */ = {isa = PBXBuildFile; fileRef = AC570BE52434F4CC00F8120A /* User.swift */; };
		AC614800243B966E003223BA /* Colors.xcassets in Resources */ = {isa = PBXBuildFile; fileRef = AC6147FF243B966E003223BA /* Colors.xcassets */; };
		AC614802243BA36E003223BA /* LoginViewController.swift in Sources */ = {isa = PBXBuildFile; fileRef = AC614801243BA36E003223BA /* LoginViewController.swift */; };
		AC614804243BA5C4003223BA /* StyleGuide.swift in Sources */ = {isa = PBXBuildFile; fileRef = AC614803243BA5C4003223BA /* StyleGuide.swift */; };
		AC87C8032434FE0F005EE8B7 /* UserController.swift in Sources */ = {isa = PBXBuildFile; fileRef = AC87C8022434FE0F005EE8B7 /* UserController.swift */; };
		AC87C8052434FE3E005EE8B7 /* UserError.swift in Sources */ = {isa = PBXBuildFile; fileRef = AC87C8042434FE3E005EE8B7 /* UserError.swift */; };
		AC8B42B4243254A30075B154 /* AppDelegate.swift in Sources */ = {isa = PBXBuildFile; fileRef = AC8B42B3243254A30075B154 /* AppDelegate.swift */; };
		AC8B42B6243254A30075B154 /* SceneDelegate.swift in Sources */ = {isa = PBXBuildFile; fileRef = AC8B42B5243254A30075B154 /* SceneDelegate.swift */; };
		AC8B42BB243254A30075B154 /* Main.storyboard in Resources */ = {isa = PBXBuildFile; fileRef = AC8B42B9243254A30075B154 /* Main.storyboard */; };
		AC8B42BD243254A50075B154 /* Assets.xcassets in Resources */ = {isa = PBXBuildFile; fileRef = AC8B42BC243254A50075B154 /* Assets.xcassets */; };
		AC8B42C0243254A50075B154 /* LaunchScreen.storyboard in Resources */ = {isa = PBXBuildFile; fileRef = AC8B42BE243254A50075B154 /* LaunchScreen.storyboard */; };
		AC8B42CA243254CC0075B154 /* CloudKit.framework in Frameworks */ = {isa = PBXBuildFile; fileRef = AC8B42C9243254CC0075B154 /* CloudKit.framework */; };
		AC8B42CE243257D20075B154 /* Hype.swift in Sources */ = {isa = PBXBuildFile; fileRef = AC8B42CD243257D20075B154 /* Hype.swift */; };
		AC8B42D124325ED80075B154 /* HypeController.swift in Sources */ = {isa = PBXBuildFile; fileRef = AC8B42D024325ED80075B154 /* HypeController.swift */; };
		ACF3AAC72437DD4400959A71 /* CloudKitController.swift in Sources */ = {isa = PBXBuildFile; fileRef = ACF3AAC62437DD4400959A71 /* CloudKitController.swift */; };
		ACF3AAC92437DDD700959A71 /* CloudKitProtocols+Extensions.swift in Sources */ = {isa = PBXBuildFile; fileRef = ACF3AAC82437DDD700959A71 /* CloudKitProtocols+Extensions.swift */; };
/* End PBXBuildFile section */

/* Begin PBXFileReference section */
		AC15AD8424365E0F00FBF06F /* HypeTableViewCell.swift */ = {isa = PBXFileReference; lastKnownFileType = sourcecode.swift; path = HypeTableViewCell.swift; sourceTree = "<group>"; };
		AC15AD862436808500FBF06F /* CreatePostViewController.swift */ = {isa = PBXFileReference; lastKnownFileType = sourcecode.swift; path = CreatePostViewController.swift; sourceTree = "<group>"; };
		AC15AD88243682AD00FBF06F /* PhotoPickerViewController.swift */ = {isa = PBXFileReference; lastKnownFileType = sourcecode.swift; path = PhotoPickerViewController.swift; sourceTree = "<group>"; };
		AC15AD8B2436902300FBF06F /* Base */ = {isa = PBXFileReference; lastKnownFileType = file.storyboard; name = Base; path = Hype/Storyboard/Hype/Storyboard/Base.lproj/PhotoPicker.storyboard; sourceTree = "<group>"; };
		AC18BE9E24326CCE009D0E6A /* HypesViewController.swift */ = {isa = PBXFileReference; lastKnownFileType = sourcecode.swift; path = HypesViewController.swift; sourceTree = "<group>"; };
		AC18BEA024327031009D0E6A /* DateExtension.swift */ = {isa = PBXFileReference; lastKnownFileType = sourcecode.swift; path = DateExtension.swift; sourceTree = "<group>"; };
		AC31B89D2435184300AFF50A /* Base */ = {isa = PBXFileReference; lastKnownFileType = file.storyboard; name = Base; path = Hype/Storyboard/Base.lproj/HypeList.storyboard; sourceTree = "<group>"; };
		AC31B89F2435194700AFF50A /* SignUpViewController.swift */ = {isa = PBXFileReference; lastKnownFileType = sourcecode.swift; path = SignUpViewController.swift; sourceTree = "<group>"; };
		AC570BC52433AD0E00F8120A /* HypeError.swift */ = {isa = PBXFileReference; lastKnownFileType = sourcecode.swift; path = HypeError.swift; sourceTree = "<group>"; };
		AC570BE52434F4CC00F8120A /* User.swift */ = {isa = PBXFileReference; lastKnownFileType = sourcecode.swift; path = User.swift; sourceTree = "<group>"; };
		AC6147FF243B966E003223BA /* Colors.xcassets */ = {isa = PBXFileReference; lastKnownFileType = folder.assetcatalog; path = Colors.xcassets; sourceTree = "<group>"; };
		AC614801243BA36E003223BA /* LoginViewController.swift */ = {isa = PBXFileReference; lastKnownFileType = sourcecode.swift; path = LoginViewController.swift; sourceTree = "<group>"; };
		AC614803243BA5C4003223BA /* StyleGuide.swift */ = {isa = PBXFileReference; lastKnownFileType = sourcecode.swift; path = StyleGuide.swift; sourceTree = "<group>"; };
		AC87C8022434FE0F005EE8B7 /* UserController.swift */ = {isa = PBXFileReference; lastKnownFileType = sourcecode.swift; path = UserController.swift; sourceTree = "<group>"; };
		AC87C8042434FE3E005EE8B7 /* UserError.swift */ = {isa = PBXFileReference; lastKnownFileType = sourcecode.swift; path = UserError.swift; sourceTree = "<group>"; };
		AC8B42B0243254A30075B154 /* Hype.app */ = {isa = PBXFileReference; explicitFileType = wrapper.application; includeInIndex = 0; path = Hype.app; sourceTree = BUILT_PRODUCTS_DIR; };
		AC8B42B3243254A30075B154 /* AppDelegate.swift */ = {isa = PBXFileReference; lastKnownFileType = sourcecode.swift; path = AppDelegate.swift; sourceTree = "<group>"; };
		AC8B42B5243254A30075B154 /* SceneDelegate.swift */ = {isa = PBXFileReference; lastKnownFileType = sourcecode.swift; path = SceneDelegate.swift; sourceTree = "<group>"; };
		AC8B42BA243254A30075B154 /* Base */ = {isa = PBXFileReference; lastKnownFileType = file.storyboard; name = Base; path = Base.lproj/Main.storyboard; sourceTree = "<group>"; };
		AC8B42BC243254A50075B154 /* Assets.xcassets */ = {isa = PBXFileReference; lastKnownFileType = folder.assetcatalog; path = Assets.xcassets; sourceTree = "<group>"; };
		AC8B42BF243254A50075B154 /* Base */ = {isa = PBXFileReference; lastKnownFileType = file.storyboard; name = Base; path = Base.lproj/LaunchScreen.storyboard; sourceTree = "<group>"; };
		AC8B42C1243254A50075B154 /* Info.plist */ = {isa = PBXFileReference; lastKnownFileType = text.plist.xml; path = Info.plist; sourceTree = "<group>"; };
		AC8B42C7243254C70075B154 /* Hype.entitlements */ = {isa = PBXFileReference; lastKnownFileType = text.plist.entitlements; path = Hype.entitlements; sourceTree = "<group>"; };
		AC8B42C9243254CC0075B154 /* CloudKit.framework */ = {isa = PBXFileReference; lastKnownFileType = wrapper.framework; name = CloudKit.framework; path = System/Library/Frameworks/CloudKit.framework; sourceTree = SDKROOT; };
		AC8B42CD243257D20075B154 /* Hype.swift */ = {isa = PBXFileReference; lastKnownFileType = sourcecode.swift; path = Hype.swift; sourceTree = "<group>"; };
		AC8B42D024325ED80075B154 /* HypeController.swift */ = {isa = PBXFileReference; lastKnownFileType = sourcecode.swift; path = HypeController.swift; sourceTree = "<group>"; };
		ACF3AAC62437DD4400959A71 /* CloudKitController.swift */ = {isa = PBXFileReference; lastKnownFileType = sourcecode.swift; path = CloudKitController.swift; sourceTree = "<group>"; };
		ACF3AAC82437DDD700959A71 /* CloudKitProtocols+Extensions.swift */ = {isa = PBXFileReference; lastKnownFileType = sourcecode.swift; path = "CloudKitProtocols+Extensions.swift"; sourceTree = "<group>"; };
/* End PBXFileReference section */

/* Begin PBXFrameworksBuildPhase section */
		AC8B42AD243254A30075B154 /* Frameworks */ = {
			isa = PBXFrameworksBuildPhase;
			buildActionMask = 2147483647;
			files = (
				AC8B42CA243254CC0075B154 /* CloudKit.framework in Frameworks */,
			);
			runOnlyForDeploymentPostprocessing = 0;
		};
/* End PBXFrameworksBuildPhase section */

/* Begin PBXGroup section */
		AC15AD8324365A0C00FBF06F /* Custom Views */ = {
			isa = PBXGroup;
			children = (
				AC15AD8424365E0F00FBF06F /* HypeTableViewCell.swift */,
			);
			path = "Custom Views";
			sourceTree = "<group>";
		};
		AC18BE9C24326CB1009D0E6A /* Model Controllers */ = {
			isa = PBXGroup;
			children = (
				AC8B42D024325ED80075B154 /* HypeController.swift */,
				AC87C8022434FE0F005EE8B7 /* UserController.swift */,
			);
			path = "Model Controllers";
			sourceTree = "<group>";
		};
		AC18BE9D24326CBD009D0E6A /* View Controller */ = {
			isa = PBXGroup;
			children = (
				AC15AD8324365A0C00FBF06F /* Custom Views */,
				AC18BE9E24326CCE009D0E6A /* HypesViewController.swift */,
				AC31B89F2435194700AFF50A /* SignUpViewController.swift */,
				AC15AD862436808500FBF06F /* CreatePostViewController.swift */,
				AC15AD88243682AD00FBF06F /* PhotoPickerViewController.swift */,
				AC614801243BA36E003223BA /* LoginViewController.swift */,
			);
			path = "View Controller";
			sourceTree = "<group>";
		};
		AC18BEA224327090009D0E6A /* Helpers */ = {
			isa = PBXGroup;
			children = (
				AC18BEA024327031009D0E6A /* DateExtension.swift */,
			);
			path = Helpers;
			sourceTree = "<group>";
		};
		AC570BC42433ACFD00F8120A /* Helpers + Extensions */ = {
			isa = PBXGroup;
			children = (
				AC570BC52433AD0E00F8120A /* HypeError.swift */,
				AC87C8042434FE3E005EE8B7 /* UserError.swift */,
				ACF3AAC62437DD4400959A71 /* CloudKitController.swift */,
				ACF3AAC82437DDD700959A71 /* CloudKitProtocols+Extensions.swift */,
				AC614803243BA5C4003223BA /* StyleGuide.swift */,
			);
			path = "Helpers + Extensions";
			sourceTree = "<group>";
		};
		AC8B42A7243254A30075B154 = {
			isa = PBXGroup;
			children = (
				AC8B42B2243254A30075B154 /* Hype */,
				AC8B42B1243254A30075B154 /* Products */,
				AC8B42C8243254CC0075B154 /* Frameworks */,
			);
			sourceTree = "<group>";
		};
		AC8B42B1243254A30075B154 /* Products */ = {
			isa = PBXGroup;
			children = (
				AC8B42B0243254A30075B154 /* Hype.app */,
			);
			name = Products;
			sourceTree = "<group>";
		};
		AC8B42B2243254A30075B154 /* Hype */ = {
			isa = PBXGroup;
			children = (
				AC8B42CF24325ECA0075B154 /* Controllers */,
				AC8B42CC243257CA0075B154 /* Models */,
				AC8B42D224326B000075B154 /* Storyboard */,
				AC18BEA224327090009D0E6A /* Helpers */,
				AC8B42CB243256B70075B154 /* Resources */,
			);
			path = Hype;
			sourceTree = "<group>";
		};
		AC8B42C8243254CC0075B154 /* Frameworks */ = {
			isa = PBXGroup;
			children = (
				AC8B42C9243254CC0075B154 /* CloudKit.framework */,
			);
			name = Frameworks;
			sourceTree = "<group>";
		};
		AC8B42CB243256B70075B154 /* Resources */ = {
			isa = PBXGroup;
			children = (
				AC8B42C7243254C70075B154 /* Hype.entitlements */,
				AC8B42B3243254A30075B154 /* AppDelegate.swift */,
				AC8B42B5243254A30075B154 /* SceneDelegate.swift */,
				AC8B42BC243254A50075B154 /* Assets.xcassets */,
				AC8B42BE243254A50075B154 /* LaunchScreen.storyboard */,
				AC8B42C1243254A50075B154 /* Info.plist */,
				AC6147FF243B966E003223BA /* Colors.xcassets */,
			);
			path = Resources;
			sourceTree = "<group>";
		};
		AC8B42CC243257CA0075B154 /* Models */ = {
			isa = PBXGroup;
			children = (
				AC8B42CD243257D20075B154 /* Hype.swift */,
				AC570BE52434F4CC00F8120A /* User.swift */,
			);
			path = Models;
			sourceTree = "<group>";
		};
		AC8B42CF24325ECA0075B154 /* Controllers */ = {
			isa = PBXGroup;
			children = (
				AC570BC42433ACFD00F8120A /* Helpers + Extensions */,
				AC18BE9D24326CBD009D0E6A /* View Controller */,
				AC18BE9C24326CB1009D0E6A /* Model Controllers */,
			);
			path = Controllers;
			sourceTree = "<group>";
		};
		AC8B42D224326B000075B154 /* Storyboard */ = {
			isa = PBXGroup;
			children = (
				AC8B42B9243254A30075B154 /* Main.storyboard */,
				AC31B89C2435184300AFF50A /* HypeList.storyboard */,
				AC15AD8A2436902300FBF06F /* PhotoPicker.storyboard */,
			);
			path = Storyboard;
			sourceTree = "<group>";
		};
/* End PBXGroup section */

/* Begin PBXNativeTarget section */
		AC8B42AF243254A30075B154 /* Hype */ = {
			isa = PBXNativeTarget;
			buildConfigurationList = AC8B42C4243254A50075B154 /* Build configuration list for PBXNativeTarget "Hype" */;
			buildPhases = (
				AC8B42AC243254A30075B154 /* Sources */,
				AC8B42AD243254A30075B154 /* Frameworks */,
				AC8B42AE243254A30075B154 /* Resources */,
			);
			buildRules = (
			);
			dependencies = (
			);
			name = Hype;
			productName = Hype;
			productReference = AC8B42B0243254A30075B154 /* Hype.app */;
			productType = "com.apple.product-type.application";
		};
/* End PBXNativeTarget section */

/* Begin PBXProject section */
		AC8B42A8243254A30075B154 /* Project object */ = {
			isa = PBXProject;
			attributes = {
				LastSwiftUpdateCheck = 1140;
				LastUpgradeCheck = 1140;
				ORGANIZATIONNAME = "Theo Vora";
				TargetAttributes = {
					AC8B42AF243254A30075B154 = {
						CreatedOnToolsVersion = 11.4;
					};
				};
			};
			buildConfigurationList = AC8B42AB243254A30075B154 /* Build configuration list for PBXProject "Hype" */;
			compatibilityVersion = "Xcode 9.3";
			developmentRegion = en;
			hasScannedForEncodings = 0;
			knownRegions = (
				en,
				Base,
			);
			mainGroup = AC8B42A7243254A30075B154;
			productRefGroup = AC8B42B1243254A30075B154 /* Products */;
			projectDirPath = "";
			projectRoot = "";
			targets = (
				AC8B42AF243254A30075B154 /* Hype */,
			);
		};
/* End PBXProject section */

/* Begin PBXResourcesBuildPhase section */
		AC8B42AE243254A30075B154 /* Resources */ = {
			isa = PBXResourcesBuildPhase;
			buildActionMask = 2147483647;
			files = (
				AC31B89E2435184300AFF50A /* HypeList.storyboard in Resources */,
				AC15AD8C2436902300FBF06F /* PhotoPicker.storyboard in Resources */,
				AC8B42C0243254A50075B154 /* LaunchScreen.storyboard in Resources */,
				AC614800243B966E003223BA /* Colors.xcassets in Resources */,
				AC8B42BD243254A50075B154 /* Assets.xcassets in Resources */,
				AC8B42BB243254A30075B154 /* Main.storyboard in Resources */,
			);
			runOnlyForDeploymentPostprocessing = 0;
		};
/* End PBXResourcesBuildPhase section */

/* Begin PBXSourcesBuildPhase section */
		AC8B42AC243254A30075B154 /* Sources */ = {
			isa = PBXSourcesBuildPhase;
			buildActionMask = 2147483647;
			files = (
				AC31B8A02435194700AFF50A /* SignUpViewController.swift in Sources */,
				AC15AD872436808500FBF06F /* CreatePostViewController.swift in Sources */,
				AC87C8032434FE0F005EE8B7 /* UserController.swift in Sources */,
				AC8B42B4243254A30075B154 /* AppDelegate.swift in Sources */,
				AC18BEA124327031009D0E6A /* DateExtension.swift in Sources */,
				AC87C8052434FE3E005EE8B7 /* UserError.swift in Sources */,
				AC18BE9F24326CCE009D0E6A /* HypesViewController.swift in Sources */,
				ACF3AAC72437DD4400959A71 /* CloudKitController.swift in Sources */,
				AC614804243BA5C4003223BA /* StyleGuide.swift in Sources */,
				AC15AD89243682AD00FBF06F /* PhotoPickerViewController.swift in Sources */,
				AC8B42D124325ED80075B154 /* HypeController.swift in Sources */,
				AC570BE62434F4CC00F8120A /* User.swift in Sources */,
				AC570BC62433AD0E00F8120A /* HypeError.swift in Sources */,
				ACF3AAC92437DDD700959A71 /* CloudKitProtocols+Extensions.swift in Sources */,
				AC614802243BA36E003223BA /* LoginViewController.swift in Sources */,
				AC8B42B6243254A30075B154 /* SceneDelegate.swift in Sources */,
				AC8B42CE243257D20075B154 /* Hype.swift in Sources */,
				AC15AD8524365E0F00FBF06F /* HypeTableViewCell.swift in Sources */,
			);
			runOnlyForDeploymentPostprocessing = 0;
		};
/* End PBXSourcesBuildPhase section */

/* Begin PBXVariantGroup section */
		AC15AD8A2436902300FBF06F /* PhotoPicker.storyboard */ = {
			isa = PBXVariantGroup;
			children = (
				AC15AD8B2436902300FBF06F /* Base */,
			);
			name = PhotoPicker.storyboard;
			sourceTree = "<group>";
		};
		AC31B89C2435184300AFF50A /* HypeList.storyboard */ = {
			isa = PBXVariantGroup;
			children = (
				AC31B89D2435184300AFF50A /* Base */,
			);
			name = HypeList.storyboard;
			sourceTree = "<group>";
		};
		AC8B42B9243254A30075B154 /* Main.storyboard */ = {
			isa = PBXVariantGroup;
			children = (
				AC8B42BA243254A30075B154 /* Base */,
			);
			name = Main.storyboard;
			sourceTree = "<group>";
		};
		AC8B42BE243254A50075B154 /* LaunchScreen.storyboard */ = {
			isa = PBXVariantGroup;
			children = (
				AC8B42BF243254A50075B154 /* Base */,
			);
			name = LaunchScreen.storyboard;
			sourceTree = "<group>";
		};
/* End PBXVariantGroup section */

/* Begin XCBuildConfiguration section */
		AC8B42C2243254A50075B154 /* Debug */ = {
			isa = XCBuildConfiguration;
			buildSettings = {
				ALWAYS_SEARCH_USER_PATHS = NO;
				CLANG_ANALYZER_NONNULL = YES;
				CLANG_ANALYZER_NUMBER_OBJECT_CONVERSION = YES_AGGRESSIVE;
				CLANG_CXX_LANGUAGE_STANDARD = "gnu++14";
				CLANG_CXX_LIBRARY = "libc++";
				CLANG_ENABLE_MODULES = YES;
				CLANG_ENABLE_OBJC_ARC = YES;
				CLANG_ENABLE_OBJC_WEAK = YES;
				CLANG_WARN_BLOCK_CAPTURE_AUTORELEASING = YES;
				CLANG_WARN_BOOL_CONVERSION = YES;
				CLANG_WARN_COMMA = YES;
				CLANG_WARN_CONSTANT_CONVERSION = YES;
				CLANG_WARN_DEPRECATED_OBJC_IMPLEMENTATIONS = YES;
				CLANG_WARN_DIRECT_OBJC_ISA_USAGE = YES_ERROR;
				CLANG_WARN_DOCUMENTATION_COMMENTS = YES;
				CLANG_WARN_EMPTY_BODY = YES;
				CLANG_WARN_ENUM_CONVERSION = YES;
				CLANG_WARN_INFINITE_RECURSION = YES;
				CLANG_WARN_INT_CONVERSION = YES;
				CLANG_WARN_NON_LITERAL_NULL_CONVERSION = YES;
				CLANG_WARN_OBJC_IMPLICIT_RETAIN_SELF = YES;
				CLANG_WARN_OBJC_LITERAL_CONVERSION = YES;
				CLANG_WARN_OBJC_ROOT_CLASS = YES_ERROR;
				CLANG_WARN_RANGE_LOOP_ANALYSIS = YES;
				CLANG_WARN_STRICT_PROTOTYPES = YES;
				CLANG_WARN_SUSPICIOUS_MOVE = YES;
				CLANG_WARN_UNGUARDED_AVAILABILITY = YES_AGGRESSIVE;
				CLANG_WARN_UNREACHABLE_CODE = YES;
				CLANG_WARN__DUPLICATE_METHOD_MATCH = YES;
				COPY_PHASE_STRIP = NO;
				DEBUG_INFORMATION_FORMAT = dwarf;
				ENABLE_STRICT_OBJC_MSGSEND = YES;
				ENABLE_TESTABILITY = YES;
				GCC_C_LANGUAGE_STANDARD = gnu11;
				GCC_DYNAMIC_NO_PIC = NO;
				GCC_NO_COMMON_BLOCKS = YES;
				GCC_OPTIMIZATION_LEVEL = 0;
				GCC_PREPROCESSOR_DEFINITIONS = (
					"DEBUG=1",
					"$(inherited)",
				);
				GCC_WARN_64_TO_32_BIT_CONVERSION = YES;
				GCC_WARN_ABOUT_RETURN_TYPE = YES_ERROR;
				GCC_WARN_UNDECLARED_SELECTOR = YES;
				GCC_WARN_UNINITIALIZED_AUTOS = YES_AGGRESSIVE;
				GCC_WARN_UNUSED_FUNCTION = YES;
				GCC_WARN_UNUSED_VARIABLE = YES;
				IPHONEOS_DEPLOYMENT_TARGET = 13.4;
				MTL_ENABLE_DEBUG_INFO = INCLUDE_SOURCE;
				MTL_FAST_MATH = YES;
				ONLY_ACTIVE_ARCH = YES;
				SDKROOT = iphoneos;
				SWIFT_ACTIVE_COMPILATION_CONDITIONS = DEBUG;
				SWIFT_OPTIMIZATION_LEVEL = "-Onone";
			};
			name = Debug;
		};
		AC8B42C3243254A50075B154 /* Release */ = {
			isa = XCBuildConfiguration;
			buildSettings = {
				ALWAYS_SEARCH_USER_PATHS = NO;
				CLANG_ANALYZER_NONNULL = YES;
				CLANG_ANALYZER_NUMBER_OBJECT_CONVERSION = YES_AGGRESSIVE;
				CLANG_CXX_LANGUAGE_STANDARD = "gnu++14";
				CLANG_CXX_LIBRARY = "libc++";
				CLANG_ENABLE_MODULES = YES;
				CLANG_ENABLE_OBJC_ARC = YES;
				CLANG_ENABLE_OBJC_WEAK = YES;
				CLANG_WARN_BLOCK_CAPTURE_AUTORELEASING = YES;
				CLANG_WARN_BOOL_CONVERSION = YES;
				CLANG_WARN_COMMA = YES;
				CLANG_WARN_CONSTANT_CONVERSION = YES;
				CLANG_WARN_DEPRECATED_OBJC_IMPLEMENTATIONS = YES;
				CLANG_WARN_DIRECT_OBJC_ISA_USAGE = YES_ERROR;
				CLANG_WARN_DOCUMENTATION_COMMENTS = YES;
				CLANG_WARN_EMPTY_BODY = YES;
				CLANG_WARN_ENUM_CONVERSION = YES;
				CLANG_WARN_INFINITE_RECURSION = YES;
				CLANG_WARN_INT_CONVERSION = YES;
				CLANG_WARN_NON_LITERAL_NULL_CONVERSION = YES;
				CLANG_WARN_OBJC_IMPLICIT_RETAIN_SELF = YES;
				CLANG_WARN_OBJC_LITERAL_CONVERSION = YES;
				CLANG_WARN_OBJC_ROOT_CLASS = YES_ERROR;
				CLANG_WARN_RANGE_LOOP_ANALYSIS = YES;
				CLANG_WARN_STRICT_PROTOTYPES = YES;
				CLANG_WARN_SUSPICIOUS_MOVE = YES;
				CLANG_WARN_UNGUARDED_AVAILABILITY = YES_AGGRESSIVE;
				CLANG_WARN_UNREACHABLE_CODE = YES;
				CLANG_WARN__DUPLICATE_METHOD_MATCH = YES;
				COPY_PHASE_STRIP = NO;
				DEBUG_INFORMATION_FORMAT = "dwarf-with-dsym";
				ENABLE_NS_ASSERTIONS = NO;
				ENABLE_STRICT_OBJC_MSGSEND = YES;
				GCC_C_LANGUAGE_STANDARD = gnu11;
				GCC_NO_COMMON_BLOCKS = YES;
				GCC_WARN_64_TO_32_BIT_CONVERSION = YES;
				GCC_WARN_ABOUT_RETURN_TYPE = YES_ERROR;
				GCC_WARN_UNDECLARED_SELECTOR = YES;
				GCC_WARN_UNINITIALIZED_AUTOS = YES_AGGRESSIVE;
				GCC_WARN_UNUSED_FUNCTION = YES;
				GCC_WARN_UNUSED_VARIABLE = YES;
				IPHONEOS_DEPLOYMENT_TARGET = 13.4;
				MTL_ENABLE_DEBUG_INFO = NO;
				MTL_FAST_MATH = YES;
				SDKROOT = iphoneos;
				SWIFT_COMPILATION_MODE = wholemodule;
				SWIFT_OPTIMIZATION_LEVEL = "-O";
				VALIDATE_PRODUCT = YES;
			};
			name = Release;
		};
		AC8B42C5243254A50075B154 /* Debug */ = {
			isa = XCBuildConfiguration;
			buildSettings = {
				ASSETCATALOG_COMPILER_APPICON_NAME = AppIcon;
				CODE_SIGN_ENTITLEMENTS = Hype/Resources/Hype.entitlements;
				CODE_SIGN_STYLE = Automatic;
				DEVELOPMENT_TEAM = L79S24J7RJ;
				INFOPLIST_FILE = Hype/Resources/Info.plist;
				IPHONEOS_DEPLOYMENT_TARGET = 13.3;
				LD_RUNPATH_SEARCH_PATHS = (
					"$(inherited)",
					"@executable_path/Frameworks",
				);
				PRODUCT_BUNDLE_IDENTIFIER = com.poundsand.Hype;
				PRODUCT_NAME = "$(TARGET_NAME)";
				SWIFT_VERSION = 5.0;
				TARGETED_DEVICE_FAMILY = "1,2";
			};
			name = Debug;
		};
		AC8B42C6243254A50075B154 /* Release */ = {
			isa = XCBuildConfiguration;
			buildSettings = {
				ASSETCATALOG_COMPILER_APPICON_NAME = AppIcon;
				CODE_SIGN_ENTITLEMENTS = Hype/Resources/Hype.entitlements;
				CODE_SIGN_STYLE = Automatic;
				DEVELOPMENT_TEAM = L79S24J7RJ;
				INFOPLIST_FILE = Hype/Resources/Info.plist;
				IPHONEOS_DEPLOYMENT_TARGET = 13.3;
				LD_RUNPATH_SEARCH_PATHS = (
					"$(inherited)",
					"@executable_path/Frameworks",
				);
				PRODUCT_BUNDLE_IDENTIFIER = com.poundsand.Hype;
				PRODUCT_NAME = "$(TARGET_NAME)";
				SWIFT_VERSION = 5.0;
				TARGETED_DEVICE_FAMILY = "1,2";
			};
			name = Release;
		};
/* End XCBuildConfiguration section */

/* Begin XCConfigurationList section */
		AC8B42AB243254A30075B154 /* Build configuration list for PBXProject "Hype" */ = {
			isa = XCConfigurationList;
			buildConfigurations = (
				AC8B42C2243254A50075B154 /* Debug */,
				AC8B42C3243254A50075B154 /* Release */,
			);
			defaultConfigurationIsVisible = 0;
			defaultConfigurationName = Release;
		};
		AC8B42C4243254A50075B154 /* Build configuration list for PBXNativeTarget "Hype" */ = {
			isa = XCConfigurationList;
			buildConfigurations = (
				AC8B42C5243254A50075B154 /* Debug */,
				AC8B42C6243254A50075B154 /* Release */,
			);
			defaultConfigurationIsVisible = 0;
			defaultConfigurationName = Release;
		};
/* End XCConfigurationList section */
	};
	rootObject = AC8B42A8243254A30075B154 /* Project object */;
}
